PODS:
  - Alamofire (5.2.2)
  - INSPhotoGallery (1.2.8)
  - Kingfisher (5.14.1):
    - Kingfisher/Core (= 5.14.1)
  - Kingfisher/Core (5.14.1)
  - SnapKit (5.0.1)

DEPENDENCIES:
  - Alamofire
  - INSPhotoGallery
  - Kingfisher
  - SnapKit

SPEC REPOS:
  trunk:
    - Alamofire
    - INSPhotoGallery
    - Kingfisher
    - SnapKit

SPEC CHECKSUMS:
  Alamofire: 814429acc853c6c54ff123fc3d2ef66803823ce0
  INSPhotoGallery: ad317cb9a59c7a5f08550e4155b49622c24dcab3
  Kingfisher: 8050bc6f7f68cbf3908bd04df7ccbac188f6d6d6
  SnapKit: 97b92857e3df3a0c71833cce143274bf6ef8e5eb

PODFILE CHECKSUM: fbf6e527ad856ec7c9da6688c3485a42f20c41f9

COCOAPODS: 1.8.4
